// !$*UTF8*$!
{
	archiveVersion = 1;
	classes = {
	};
	objectVersion = 46;
	objects = {

/* Begin PBXBuildFile section */
		65350AD71E3815D40019C343 /* AppDelegate.swift in Sources */ = {isa = PBXBuildFile; fileRef = 65350AD61E3815D40019C343 /* AppDelegate.swift */; };
		65350AD91E3815D40019C343 /* ViewController.swift in Sources */ = {isa = PBXBuildFile; fileRef = 65350AD81E3815D40019C343 /* ViewController.swift */; };
		65350ADC1E3815D40019C343 /* Main.storyboard in Resources */ = {isa = PBXBuildFile; fileRef = 65350ADA1E3815D40019C343 /* Main.storyboard */; };
		65350ADE1E3815D40019C343 /* Assets.xcassets in Resources */ = {isa = PBXBuildFile; fileRef = 65350ADD1E3815D40019C343 /* Assets.xcassets */; };
		65350AE11E3815D40019C343 /* LaunchScreen.storyboard in Resources */ = {isa = PBXBuildFile; fileRef = 65350ADF1E3815D40019C343 /* LaunchScreen.storyboard */; };
		65350AEC1E3815D50019C343 /* Dog_Year_ConverterTests.swift in Sources */ = {isa = PBXBuildFile; fileRef = 65350AEB1E3815D50019C343 /* Dog_Year_ConverterTests.swift */; };
		65350AF71E3815D50019C343 /* Dog_Year_ConverterUITests.swift in Sources */ = {isa = PBXBuildFile; fileRef = 65350AF61E3815D50019C343 /* Dog_Year_ConverterUITests.swift */; };
/* End PBXBuildFile section */

/* Begin PBXContainerItemProxy section */
		65350AE81E3815D50019C343 /* PBXContainerItemProxy */ = {
			isa = PBXContainerItemProxy;
			containerPortal = 65350ACB1E3815D40019C343 /* Project object */;
			proxyType = 1;
			remoteGlobalIDString = 65350AD21E3815D40019C343;
			remoteInfo = "Dog Year Converter";
		};
		65350AF31E3815D50019C343 /* PBXContainerItemProxy */ = {
			isa = PBXContainerItemProxy;
			containerPortal = 65350ACB1E3815D40019C343 /* Project object */;
			proxyType = 1;
			remoteGlobalIDString = 65350AD21E3815D40019C343;
			remoteInfo = "Dog Year Converter";
		};
/* End PBXContainerItemProxy section */

/* Begin PBXFileReference section */
		65350AD31E3815D40019C343 /* Dog Year Converter.app */ = {isa = PBXFileReference; explicitFileType = wrapper.application; includeInIndex = 0; path = "Dog Year Converter.app"; sourceTree = BUILT_PRODUCTS_DIR; };
		65350AD61E3815D40019C343 /* AppDelegate.swift */ = {isa = PBXFileReference; lastKnownFileType = sourcecode.swift; path = AppDelegate.swift; sourceTree = "<group>"; };
		65350AD81E3815D40019C343 /* ViewController.swift */ = {isa = PBXFileReference; lastKnownFileType = sourcecode.swift; path = ViewController.swift; sourceTree = "<group>"; };
		65350ADB1E3815D40019C343 /* Base */ = {isa = PBXFileReference; lastKnownFileType = file.storyboard; name = Base; path = Base.lproj/Main.storyboard; sourceTree = "<group>"; };
		65350ADD1E3815D40019C343 /* Assets.xcassets */ = {isa = PBXFileReference; lastKnownFileType = folder.assetcatalog; path = Assets.xcassets; sourceTree = "<group>"; };
		65350AE01E3815D40019C343 /* Base */ = {isa = PBXFileReference; lastKnownFileType = file.storyboard; name = Base; path = Base.lproj/LaunchScreen.storyboard; sourceTree = "<group>"; };
		65350AE21E3815D40019C343 /* Info.plist */ = {isa = PBXFileReference; lastKnownFileType = text.plist.xml; path = Info.plist; sourceTree = "<group>"; };
		65350AE71E3815D50019C343 /* Dog Year ConverterTests.xctest */ = {isa = PBXFileReference; explicitFileType = wrapper.cfbundle; includeInIndex = 0; path = "Dog Year ConverterTests.xctest"; sourceTree = BUILT_PRODUCTS_DIR; };
		65350AEB1E3815D50019C343 /* Dog_Year_ConverterTests.swift */ = {isa = PBXFileReference; lastKnownFileType = sourcecode.swift; path = Dog_Year_ConverterTests.swift; sourceTree = "<group>"; };
		65350AED1E3815D50019C343 /* Info.plist */ = {isa = PBXFileReference; lastKnownFileType = text.plist.xml; path = Info.plist; sourceTree = "<group>"; };
		65350AF21E3815D50019C343 /* Dog Year ConverterUITests.xctest */ = {isa = PBXFileReference; explicitFileType = wrapper.cfbundle; includeInIndex = 0; path = "Dog Year ConverterUITests.xctest"; sourceTree = BUILT_PRODUCTS_DIR; };
		65350AF61E3815D50019C343 /* Dog_Year_ConverterUITests.swift */ = {isa = PBXFileReference; lastKnownFileType = sourcecode.swift; path = Dog_Year_ConverterUITests.swift; sourceTree = "<group>"; };
		65350AF81E3815D50019C343 /* Info.plist */ = {isa = PBXFileReference; lastKnownFileType = text.plist.xml; path = Info.plist; sourceTree = "<group>"; };
/* End PBXFileReference section */

/* Begin PBXFrameworksBuildPhase section */
		65350AD01E3815D40019C343 /* Frameworks */ = {
			isa = PBXFrameworksBuildPhase;
			buildActionMask = 2147483647;
			files = (
			);
			runOnlyForDeploymentPostprocessing = 0;
		};
		65350AE41E3815D50019C343 /* Frameworks */ = {
			isa = PBXFrameworksBuildPhase;
			buildActionMask = 2147483647;
			files = (
			);
			runOnlyForDeploymentPostprocessing = 0;
		};
		65350AEF1E3815D50019C343 /* Frameworks */ = {
			isa = PBXFrameworksBuildPhase;
			buildActionMask = 2147483647;
			files = (
			);
			runOnlyForDeploymentPostprocessing = 0;
		};
/* End PBXFrameworksBuildPhase section */

/* Begin PBXGroup section */
		65350ACA1E3815D40019C343 = {
			isa = PBXGroup;
			children = (
				65350AD51E3815D40019C343 /* Dog Year Converter */,
				65350AEA1E3815D50019C343 /* Dog Year ConverterTests */,
				65350AF51E3815D50019C343 /* Dog Year ConverterUITests */,
				65350AD41E3815D40019C343 /* Products */,
			);
			sourceTree = "<group>";
		};
		65350AD41E3815D40019C343 /* Products */ = {
			isa = PBXGroup;
			children = (
				65350AD31E3815D40019C343 /* Dog Year Converter.app */,
				65350AE71E3815D50019C343 /* Dog Year ConverterTests.xctest */,
				65350AF21E3815D50019C343 /* Dog Year ConverterUITests.xctest */,
			);
			name = Products;
			sourceTree = "<group>";
		};
		65350AD51E3815D40019C343 /* Dog Year Converter */ = {
			isa = PBXGroup;
			children = (
				65350AD61E3815D40019C343 /* AppDelegate.swift */,
				65350AD81E3815D40019C343 /* ViewController.swift */,
				65350ADA1E3815D40019C343 /* Main.storyboard */,
				65350ADD1E3815D40019C343 /* Assets.xcassets */,
				65350ADF1E3815D40019C343 /* LaunchScreen.storyboard */,
				65350AE21E3815D40019C343 /* Info.plist */,
			);
			path = "Dog Year Converter";
			sourceTree = "<group>";
		};
		65350AEA1E3815D50019C343 /* Dog Year ConverterTests */ = {
			isa = PBXGroup;
			children = (
				65350AEB1E3815D50019C343 /* Dog_Year_ConverterTests.swift */,
				65350AED1E3815D50019C343 /* Info.plist */,
			);
			path = "Dog Year ConverterTests";
			sourceTree = "<group>";
		};
		65350AF51E3815D50019C343 /* Dog Year ConverterUITests */ = {
			isa = PBXGroup;
			children = (
				65350AF61E3815D50019C343 /* Dog_Year_ConverterUITests.swift */,
				65350AF81E3815D50019C343 /* Info.plist */,
			);
			path = "Dog Year ConverterUITests";
			sourceTree = "<group>";
		};
/* End PBXGroup section */

/* Begin PBXNativeTarget section */
		65350AD21E3815D40019C343 /* Dog Year Converter */ = {
			isa = PBXNativeTarget;
			buildConfigurationList = 65350AFB1E3815D50019C343 /* Build configuration list for PBXNativeTarget "Dog Year Converter" */;
			buildPhases = (
				65350ACF1E3815D40019C343 /* Sources */,
				65350AD01E3815D40019C343 /* Frameworks */,
				65350AD11E3815D40019C343 /* Resources */,
			);
			buildRules = (
			);
			dependencies = (
			);
			name = "Dog Year Converter";
			productName = "Dog Year Converter";
			productReference = 65350AD31E3815D40019C343 /* Dog Year Converter.app */;
			productType = "com.apple.product-type.application";
		};
		65350AE61E3815D50019C343 /* Dog Year ConverterTests */ = {
			isa = PBXNativeTarget;
			buildConfigurationList = 65350AFE1E3815D50019C343 /* Build configuration list for PBXNativeTarget "Dog Year ConverterTests" */;
			buildPhases = (
				65350AE31E3815D50019C343 /* Sources */,
				65350AE41E3815D50019C343 /* Frameworks */,
				65350AE51E3815D50019C343 /* Resources */,
			);
			buildRules = (
			);
			dependencies = (
				65350AE91E3815D50019C343 /* PBXTargetDependency */,
			);
			name = "Dog Year ConverterTests";
			productName = "Dog Year ConverterTests";
			productReference = 65350AE71E3815D50019C343 /* Dog Year ConverterTests.xctest */;
			productType = "com.apple.product-type.bundle.unit-test";
		};
		65350AF11E3815D50019C343 /* Dog Year ConverterUITests */ = {
			isa = PBXNativeTarget;
			buildConfigurationList = 65350B011E3815D50019C343 /* Build configuration list for PBXNativeTarget "Dog Year ConverterUITests" */;
			buildPhases = (
				65350AEE1E3815D50019C343 /* Sources */,
				65350AEF1E3815D50019C343 /* Frameworks */,
				65350AF01E3815D50019C343 /* Resources */,
			);
			buildRules = (
			);
			dependencies = (
				65350AF41E3815D50019C343 /* PBXTargetDependency */,
			);
			name = "Dog Year ConverterUITests";
			productName = "Dog Year ConverterUITests";
			productReference = 65350AF21E3815D50019C343 /* Dog Year ConverterUITests.xctest */;
			productType = "com.apple.product-type.bundle.ui-testing";
		};
/* End PBXNativeTarget section */

/* Begin PBXProject section */
		65350ACB1E3815D40019C343 /* Project object */ = {
			isa = PBXProject;
			attributes = {
				LastSwiftUpdateCheck = 0730;
				LastUpgradeCheck = 0730;
				ORGANIZATIONNAME = "Nachammai K Srinimukesh";
				TargetAttributes = {
					65350AD21E3815D40019C343 = {
						CreatedOnToolsVersion = 7.3.1;
					};
					65350AE61E3815D50019C343 = {
						CreatedOnToolsVersion = 7.3.1;
						TestTargetID = 65350AD21E3815D40019C343;
					};
					65350AF11E3815D50019C343 = {
						CreatedOnToolsVersion = 7.3.1;
						TestTargetID = 65350AD21E3815D40019C343;
					};
				};
			};
			buildConfigurationList = 65350ACE1E3815D40019C343 /* Build configuration list for PBXProject "Dog Year Converter" */;
			compatibilityVersion = "Xcode 3.2";
			developmentRegion = English;
			hasScannedForEncodings = 0;
			knownRegions = (
				en,
				Base,
			);
			mainGroup = 65350ACA1E3815D40019C343;
			productRefGroup = 65350AD41E3815D40019C343 /* Products */;
			projectDirPath = "";
			projectRoot = "";
			targets = (
				65350AD21E3815D40019C343 /* Dog Year Converter */,
				65350AE61E3815D50019C343 /* Dog Year ConverterTests */,
				65350AF11E3815D50019C343 /* Dog Year ConverterUITests */,
			);
		};
/* End PBXProject section */

/* Begin PBXResourcesBuildPhase section */
		65350AD11E3815D40019C343 /* Resources */ = {
			isa = PBXResourcesBuildPhase;
			buildActionMask = 2147483647;
			files = (
				65350AE11E3815D40019C343 /* LaunchScreen.storyboard in Resources */,
				65350ADE1E3815D40019C343 /* Assets.xcassets in Resources */,
				65350ADC1E3815D40019C343 /* Main.storyboard in Resources */,
			);
			runOnlyForDeploymentPostprocessing = 0;
		};
		65350AE51E3815D50019C343 /* Resources */ = {
			isa = PBXResourcesBuildPhase;
			buildActionMask = 2147483647;
			files = (
			);
			runOnlyForDeploymentPostprocessing = 0;
		};
		65350AF01E3815D50019C343 /* Resources */ = {
			isa = PBXResourcesBuildPhase;
			buildActionMask = 2147483647;
			files = (
			);
			runOnlyForDeploymentPostprocessing = 0;
		};
/* End PBXResourcesBuildPhase section */

/* Begin PBXSourcesBuildPhase section */
		65350ACF1E3815D40019C343 /* Sources */ = {
			isa = PBXSourcesBuildPhase;
			buildActionMask = 2147483647;
			files = (
				65350AD91E3815D40019C343 /* ViewController.swift in Sources */,
				65350AD71E3815D40019C343 /* AppDelegate.swift in Sources */,
			);
			runOnlyForDeploymentPostprocessing = 0;
		};
		65350AE31E3815D50019C343 /* Sources */ = {
			isa = PBXSourcesBuildPhase;
			buildActionMask = 2147483647;
			files = (
				65350AEC1E3815D50019C343 /* Dog_Year_ConverterTests.swift in Sources */,
			);
			runOnlyForDeploymentPostprocessing = 0;
		};
		65350AEE1E3815D50019C343 /* Sources */ = {
			isa = PBXSourcesBuildPhase;
			buildActionMask = 2147483647;
			files = (
				65350AF71E3815D50019C343 /* Dog_Year_ConverterUITests.swift in Sources */,
			);
			runOnlyForDeploymentPostprocessing = 0;
		};
/* End PBXSourcesBuildPhase section */

/* Begin PBXTargetDependency section */
		65350AE91E3815D50019C343 /* PBXTargetDependency */ = {
			isa = PBXTargetDependency;
			target = 65350AD21E3815D40019C343 /* Dog Year Converter */;
			targetProxy = 65350AE81E3815D50019C343 /* PBXContainerItemProxy */;
		};
		65350AF41E3815D50019C343 /* PBXTargetDependency */ = {
			isa = PBXTargetDependency;
			target = 65350AD21E3815D40019C343 /* Dog Year Converter */;
			targetProxy = 65350AF31E3815D50019C343 /* PBXContainerItemProxy */;
		};
/* End PBXTargetDependency section */

/* Begin PBXVariantGroup section */
		65350ADA1E3815D40019C343 /* Main.storyboard */ = {
			isa = PBXVariantGroup;
			children = (
				65350ADB1E3815D40019C343 /* Base */,
			);
			name = Main.storyboard;
			sourceTree = "<group>";
		};
		65350ADF1E3815D40019C343 /* LaunchScreen.storyboard */ = {
			isa = PBXVariantGroup;
			children = (
				65350AE01E3815D40019C343 /* Base */,
			);
			name = LaunchScreen.storyboard;
			sourceTree = "<group>";
		};
/* End PBXVariantGroup section */

/* Begin XCBuildConfiguration section */
		65350AF91E3815D50019C343 /* Debug */ = {
			isa = XCBuildConfiguration;
			buildSettings = {
				ALWAYS_SEARCH_USER_PATHS = NO;
				CLANG_ANALYZER_NONNULL = YES;
				CLANG_CXX_LANGUAGE_STANDARD = "gnu++0x";
				CLANG_CXX_LIBRARY = "libc++";
				CLANG_ENABLE_MODULES = YES;
				CLANG_ENABLE_OBJC_ARC = YES;
				CLANG_WARN_BOOL_CONVERSION = YES;
				CLANG_WARN_CONSTANT_CONVERSION = YES;
				CLANG_WARN_DIRECT_OBJC_ISA_USAGE = YES_ERROR;
				CLANG_WARN_EMPTY_BODY = YES;
				CLANG_WARN_ENUM_CONVERSION = YES;
				CLANG_WARN_INT_CONVERSION = YES;
				CLANG_WARN_OBJC_ROOT_CLASS = YES_ERROR;
				CLANG_WARN_UNREACHABLE_CODE = YES;
				CLANG_WARN__DUPLICATE_METHOD_MATCH = YES;
				"CODE_SIGN_IDENTITY[sdk=iphoneos*]" = "iPhone Developer";
				COPY_PHASE_STRIP = NO;
				DEBUG_INFORMATION_FORMAT = dwarf;
				ENABLE_STRICT_OBJC_MSGSEND = YES;
				ENABLE_TESTABILITY = YES;
				GCC_C_LANGUAGE_STANDARD = gnu99;
				GCC_DYNAMIC_NO_PIC = NO;
				GCC_NO_COMMON_BLOCKS = YES;
				GCC_OPTIMIZATION_LEVEL = 0;
				GCC_PREPROCESSOR_DEFINITIONS = (
					"DEBUG=1",
					"$(inherited)",
				);
				GCC_WARN_64_TO_32_BIT_CONVERSION = YES;
				GCC_WARN_ABOUT_RETURN_TYPE = YES_ERROR;
				GCC_WARN_UNDECLARED_SELECTOR = YES;
				GCC_WARN_UNINITIALIZED_AUTOS = YES_AGGRESSIVE;
				GCC_WARN_UNUSED_FUNCTION = YES;
				GCC_WARN_UNUSED_VARIABLE = YES;
				IPHONEOS_DEPLOYMENT_TARGET = 9.3;
				MTL_ENABLE_DEBUG_INFO = YES;
				ONLY_ACTIVE_ARCH = YES;
				SDKROOT = iphoneos;
				SWIFT_OPTIMIZATION_LEVEL = "-Onone";
				TARGETED_DEVICE_FAMILY = "1,2";
			};
			name = Debug;
		};
		65350AFA1E3815D50019C343 /* Release */ = {
			isa = XCBuildConfiguration;
			buildSettings = {
				ALWAYS_SEARCH_USER_PATHS = NO;
				CLANG_ANALYZER_NONNULL = YES;
				CLANG_CXX_LANGUAGE_STANDARD = "gnu++0x";
				CLANG_CXX_LIBRARY = "libc++";
				CLANG_ENABLE_MODULES = YES;
				CLANG_ENABLE_OBJC_ARC = YES;
				CLANG_WARN_BOOL_CONVERSION = YES;
				CLANG_WARN_CONSTANT_CONVERSION = YES;
				CLANG_WARN_DIRECT_OBJC_ISA_USAGE = YES_ERROR;
				CLANG_WARN_EMPTY_BODY = YES;
				CLANG_WARN_ENUM_CONVERSION = YES;
				CLANG_WARN_INT_CONVERSION = YES;
				CLANG_WARN_OBJC_ROOT_CLASS = YES_ERROR;
				CLANG_WARN_UNREACHABLE_CODE = YES;
				CLANG_WARN__DUPLICATE_METHOD_MATCH = YES;
				"CODE_SIGN_IDENTITY[sdk=iphoneos*]" = "iPhone Developer";
				COPY_PHASE_STRIP = NO;
				DEBUG_INFORMATION_FORMAT = "dwarf-with-dsym";
				ENABLE_NS_ASSERTIONS = NO;
				ENABLE_STRICT_OBJC_MSGSEND = YES;
				GCC_C_LANGUAGE_STANDARD = gnu99;
				GCC_NO_COMMON_BLOCKS = YES;
				GCC_WARN_64_TO_32_BIT_CONVERSION = YES;
				GCC_WARN_ABOUT_RETURN_TYPE = YES_ERROR;
				GCC_WARN_UNDECLARED_SELECTOR = YES;
				GCC_WARN_UNINITIALIZED_AUTOS = YES_AGGRESSIVE;
				GCC_WARN_UNUSED_FUNCTION = YES;
				GCC_WARN_UNUSED_VARIABLE = YES;
				IPHONEOS_DEPLOYMENT_TARGET = 9.3;
				MTL_ENABLE_DEBUG_INFO = NO;
				SDKROOT = iphoneos;
				TARGETED_DEVICE_FAMILY = "1,2";
				VALIDATE_PRODUCT = YES;
			};
			name = Release;
		};
		65350AFC1E3815D50019C343 /* Debug */ = {
			isa = XCBuildConfiguration;
			buildSettings = {
				ASSETCATALOG_COMPILER_APPICON_NAME = AppIcon;
				INFOPLIST_FILE = "Dog Year Converter/Info.plist";
				LD_RUNPATH_SEARCH_PATHS = "$(inherited) @executable_path/Frameworks";
				PRODUCT_BUNDLE_IDENTIFIER = "kavi.Dog-Year-Converter";
				PRODUCT_NAME = "$(TARGET_NAME)";
			};
			name = Debug;
		};
		65350AFD1E3815D50019C343 /* Release */ = {
			isa = XCBuildConfiguration;
			buildSettings = {
				ASSETCATALOG_COMPILER_APPICON_NAME = AppIcon;
				INFOPLIST_FILE = "Dog Year Converter/Info.plist";
				LD_RUNPATH_SEARCH_PATHS = "$(inherited) @executable_path/Frameworks";
				PRODUCT_BUNDLE_IDENTIFIER = "kavi.Dog-Year-Converter";
				PRODUCT_NAME = "$(TARGET_NAME)";
			};
			name = Release;
		};
		65350AFF1E3815D50019C343 /* Debug */ = {
			isa = XCBuildConfiguration;
			buildSettings = {
				BUNDLE_LOADER = "$(TEST_HOST)";
				INFOPLIST_FILE = "Dog Year ConverterTests/Info.plist";
				LD_RUNPATH_SEARCH_PATHS = "$(inherited) @executable_path/Frameworks @loader_path/Frameworks";
				PRODUCT_BUNDLE_IDENTIFIER = "kavi.Dog-Year-ConverterTests";
				PRODUCT_NAME = "$(TARGET_NAME)";
				TEST_HOST = "$(BUILT_PRODUCTS_DIR)/Dog Year Converter.app/Dog Year Converter";
			};
			name = Debug;
		};
		65350B001E3815D50019C343 /* Release */ = {
			isa = XCBuildConfiguration;
			buildSettings = {
				BUNDLE_LOADER = "$(TEST_HOST)";
				INFOPLIST_FILE = "Dog Year ConverterTests/Info.plist";
				LD_RUNPATH_SEARCH_PATHS = "$(inherited) @executable_path/Frameworks @loader_path/Frameworks";
				PRODUCT_BUNDLE_IDENTIFIER = "kavi.Dog-Year-ConverterTests";
				PRODUCT_NAME = "$(TARGET_NAME)";
				TEST_HOST = "$(BUILT_PRODUCTS_DIR)/Dog Year Converter.app/Dog Year Converter";
			};
			name = Release;
		};
		65350B021E3815D50019C343 /* Debug */ = {
			isa = XCBuildConfiguration;
			buildSettings = {
				INFOPLIST_FILE = "Dog Year ConverterUITests/Info.plist";
				LD_RUNPATH_SEARCH_PATHS = "$(inherited) @executable_path/Frameworks @loader_path/Frameworks";
				PRODUCT_BUNDLE_IDENTIFIER = "kavi.Dog-Year-ConverterUITests";
				PRODUCT_NAME = "$(TARGET_NAME)";
				TEST_TARGET_NAME = "Dog Year Converter";
			};
			name = Debug;
		};
		65350B031E3815D50019C343 /* Release */ = {
			isa = XCBuildConfiguration;
			buildSettings = {
				INFOPLIST_FILE = "Dog Year ConverterUITests/Info.plist";
				LD_RUNPATH_SEARCH_PATHS = "$(inherited) @executable_path/Frameworks @loader_path/Frameworks";
				PRODUCT_BUNDLE_IDENTIFIER = "kavi.Dog-Year-ConverterUITests";
				PRODUCT_NAME = "$(TARGET_NAME)";
				TEST_TARGET_NAME = "Dog Year Converter";
			};
			name = Release;
		};
/* End XCBuildConfiguration section */

/* Begin XCConfigurationList section */
		65350ACE1E3815D40019C343 /* Build configuration list for PBXProject "Dog Year Converter" */ = {
			isa = XCConfigurationList;
			buildConfigurations = (
				65350AF91E3815D50019C343 /* Debug */,
				65350AFA1E3815D50019C343 /* Release */,
			);
			defaultConfigurationIsVisible = 0;
			defaultConfigurationName = Release;
		};
		65350AFB1E3815D50019C343 /* Build configuration list for PBXNativeTarget "Dog Year Converter" */ = {
			isa = XCConfigurationList;
			buildConfigurations = (
				65350AFC1E3815D50019C343 /* Debug */,
				65350AFD1E3815D50019C343 /* Release */,
			);
			defaultConfigurationIsVisible = 0;
		};
		65350AFE1E3815D50019C343 /* Build configuration list for PBXNativeTarget "Dog Year ConverterTests" */ = {
			isa = XCConfigurationList;
			buildConfigurations = (
				65350AFF1E3815D50019C343 /* Debug */,
				65350B001E3815D50019C343 /* Release */,
			);
			defaultConfigurationIsVisible = 0;
		};
		65350B011E3815D50019C343 /* Build configuration list for PBXNativeTarget "Dog Year ConverterUITests" */ = {
			isa = XCConfigurationList;
			buildConfigurations = (
				65350B021E3815D50019C343 /* Debug */,
				65350B031E3815D50019C343 /* Release */,
			);
			defaultConfigurationIsVisible = 0;
		};
/* End XCConfigurationList section */
	};
	rootObject = 65350ACB1E3815D40019C343 /* Project object */;
}
